
Microsoft Visual Studio Solution File, Format Version 12.00
# Visual Studio 16
Project("{FAE04EC0-301F-11D3-BF4B-00C04F79EFBC}") = "Assembly-CSharp", "Assembly-CSharp.csproj", "{352F4B6B-A843-FE89-077E-6AE14D43213D}"
EndProject
Project("{FAE04EC0-301F-11D3-BF4B-00C04F79EFBC}") = "Oculus.VR", "Oculus.VR.csproj", "{DC73C738-1062-76B8-E772-F1E6D49B89EC}"
EndProject
Project("{FAE04EC0-301F-11D3-BF4B-00C04F79EFBC}") = "Assembly-CSharp-Editor", "Assembly-CSharp-Editor.csproj", "{2D9ABF96-DA9B-8DA3-3EEB-B5B2B7C1C245}"
EndProject
Project("{FAE04EC0-301F-11D3-BF4B-00C04F79EFBC}") = "Oculus.VR.Scripts.Editor", "Oculus.VR.Scripts.Editor.csproj", "{38CFCB8B-6482-6661-9CC8-AC85CA8B718F}"
EndProject
Project("{FAE04EC0-301F-11D3-BF4B-00C04F79EFBC}") = "Oculus.VR.Editor", "Oculus.VR.Editor.csproj", "{8021BA58-5049-6BAF-E86C-72AE005CB3A9}"
EndProject
Global
	GlobalSection(SolutionConfigurationPlatforms) = preSolution
		Debug|Any CPU = Debug|Any CPU
		Release|Any CPU = Release|Any CPU
	EndGlobalSection
	GlobalSection(ProjectConfigurationPlatforms) = postSolution
		{352F4B6B-A843-FE89-077E-6AE14D43213D}.Debug|Any CPU.ActiveCfg = Debug|Any CPU
		{352F4B6B-A843-FE89-077E-6AE14D43213D}.Debug|Any CPU.Build.0 = Debug|Any CPU
		{352F4B6B-A843-FE89-077E-6AE14D43213D}.Release|Any CPU.ActiveCfg = Release|Any CPU
		{352F4B6B-A843-FE89-077E-6AE14D43213D}.Release|Any CPU.Build.0 = Release|Any CPU
		{DC73C738-1062-76B8-E772-F1E6D49B89EC}.Debug|Any CPU.ActiveCfg = Debug|Any CPU
		{DC73C738-1062-76B8-E772-F1E6D49B89EC}.Debug|Any CPU.Build.0 = Debug|Any CPU
		{DC73C738-1062-76B8-E772-F1E6D49B89EC}.Release|Any CPU.ActiveCfg = Release|Any CPU
		{DC73C738-1062-76B8-E772-F1E6D49B89EC}.Release|Any CPU.Build.0 = Release|Any CPU
		{2D9ABF96-DA9B-8DA3-3EEB-B5B2B7C1C245}.Debug|Any CPU.ActiveCfg = Debug|Any CPU
		{2D9ABF96-DA9B-8DA3-3EEB-B5B2B7C1C245}.Debug|Any CPU.Build.0 = Debug|Any CPU
		{2D9ABF96-DA9B-8DA3-3EEB-B5B2B7C1C245}.Release|Any CPU.ActiveCfg = Release|Any CPU
		{2D9ABF96-DA9B-8DA3-3EEB-B5B2B7C1C245}.Release|Any CPU.Build.0 = Release|Any CPU
		{38CFCB8B-6482-6661-9CC8-AC85CA8B718F}.Debug|Any CPU.ActiveCfg = Debug|Any CPU
		{38CFCB8B-6482-6661-9CC8-AC85CA8B718F}.Debug|Any CPU.Build.0 = Debug|Any CPU
		{38CFCB8B-6482-6661-9CC8-AC85CA8B718F}.Release|Any CPU.ActiveCfg = Release|Any CPU
		{38CFCB8B-6482-6661-9CC8-AC85CA8B718F}.Release|Any CPU.Build.0 = Release|Any CPU
		{8021BA58-5049-6BAF-E86C-72AE005CB3A9}.Debug|Any CPU.ActiveCfg = Debug|Any CPU
		{8021BA58-5049-6BAF-E86C-72AE005CB3A9}.Debug|Any CPU.Build.0 = Debug|Any CPU
		{8021BA58-5049-6BAF-E86C-72AE005CB3A9}.Release|Any CPU.ActiveCfg = Release|Any CPU
		{8021BA58-5049-6BAF-E86C-72AE005CB3A9}.Release|Any CPU.Build.0 = Release|Any CPU
	EndGlobalSection
	GlobalSection(SolutionProperties) = preSolution
		HideSolutionNode = FALSE
	EndGlobalSection
EndGlobal
